
Microsoft Visual Studio Solution File, Format Version 12.00
# Visual Studio Version 16
VisualStudioVersion = 16.0.32407.337
MinimumVisualStudioVersion = 10.0.40219.1
Project("{9A19103F-16F7-4668-BE54-9A1E7A4F7556}") = "SmartDiary", "SmartDiary\SmartDiary.csproj", "{226630F6-4482-4B84-BF29-70F1F0C98C66}"
EndProject
Project("{FAE04EC0-301F-11D3-BF4B-00C04F79EFBC}") = "SentimentAnalyzing", "SentimentAnalyzing\SentimentAnalyzing.csproj", "{08EA69D5-1A99-49B7-B0C5-AAE059F0C3FF}"
EndProject
Global
	GlobalSection(SolutionConfigurationPlatforms) = preSolution
		Debug|Any CPU = Debug|Any CPU
		Release|Any CPU = Release|Any CPU
	EndGlobalSection
	GlobalSection(ProjectConfigurationPlatforms) = postSolution
		{226630F6-4482-4B84-BF29-70F1F0C98C66}.Debug|Any CPU.ActiveCfg = Debug|Any CPU
		{226630F6-4482-4B84-BF29-70F1F0C98C66}.Debug|Any CPU.Build.0 = Debug|Any CPU
		{226630F6-4482-4B84-BF29-70F1F0C98C66}.Release|Any CPU.ActiveCfg = Release|Any CPU
		{226630F6-4482-4B84-BF29-70F1F0C98C66}.Release|Any CPU.Build.0 = Release|Any CPU
		{08EA69D5-1A99-49B7-B0C5-AAE059F0C3FF}.Debug|Any CPU.ActiveCfg = Debug|Any CPU
		{08EA69D5-1A99-49B7-B0C5-AAE059F0C3FF}.Debug|Any CPU.Build.0 = Debug|Any CPU
		{08EA69D5-1A99-49B7-B0C5-AAE059F0C3FF}.Release|Any CPU.ActiveCfg = Release|Any CPU
		{08EA69D5-1A99-49B7-B0C5-AAE059F0C3FF}.Release|Any CPU.Build.0 = Release|Any CPU
	EndGlobalSection
	GlobalSection(SolutionProperties) = preSolution
		HideSolutionNode = FALSE
	EndGlobalSection
	GlobalSection(ExtensibilityGlobals) = postSolution
		SolutionGuid = {1611CBB3-DAA5-4F14-AE46-C08D4B32A702}
	EndGlobalSection
EndGlobal
